
Microsoft Visual Studio Solution File, Format Version 12.00
# Visual Studio Version 17
VisualStudioVersion = 17.13.35818.85 d17.13
MinimumVisualStudioVersion = 10.0.40219.1
Project("{FAE04EC0-301F-11D3-BF4B-00C04F79EFBC}") = "Client", "Client\Client.csproj", "{1A291572-9172-40AE-AC8E-25E9AA5BB2FF}"
EndProject
Project("{FAE04EC0-301F-11D3-BF4B-00C04F79EFBC}") = "Server", "Server\Server.csproj", "{61904DB0-EB10-4344-AAD9-0F74FC4800AB}"
EndProject
Global
	GlobalSection(SolutionConfigurationPlatforms) = preSolution
		Debug|Any CPU = Debug|Any CPU
		Release|Any CPU = Release|Any CPU
	EndGlobalSection
	GlobalSection(ProjectConfigurationPlatforms) = postSolution
		{1A291572-9172-40AE-AC8E-25E9AA5BB2FF}.Debug|Any CPU.ActiveCfg = Debug|Any CPU
		{1A291572-9172-40AE-AC8E-25E9AA5BB2FF}.Debug|Any CPU.Build.0 = Debug|Any CPU
		{1A291572-9172-40AE-AC8E-25E9AA5BB2FF}.Release|Any CPU.ActiveCfg = Release|Any CPU
		{1A291572-9172-40AE-AC8E-25E9AA5BB2FF}.Release|Any CPU.Build.0 = Release|Any CPU
		{61904DB0-EB10-4344-AAD9-0F74FC4800AB}.Debug|Any CPU.ActiveCfg = Debug|Any CPU
		{61904DB0-EB10-4344-AAD9-0F74FC4800AB}.Debug|Any CPU.Build.0 = Debug|Any CPU
		{61904DB0-EB10-4344-AAD9-0F74FC4800AB}.Release|Any CPU.ActiveCfg = Release|Any CPU
		{61904DB0-EB10-4344-AAD9-0F74FC4800AB}.Release|Any CPU.Build.0 = Release|Any CPU
	EndGlobalSection
	GlobalSection(SolutionProperties) = preSolution
		HideSolutionNode = FALSE
	EndGlobalSection
	GlobalSection(ExtensibilityGlobals) = postSolution
		SolutionGuid = {5C67C7AA-A9A8-4A7A-AB68-2F85507D8C2B}
	EndGlobalSection
EndGlobal
